# THIS IS AN AUTOGENERATED FILE. DO NOT EDIT THIS FILE DIRECTLY.
# yarn lockfile v1


"@juggle/resize-observer@^3.0.2":
  version "3.2.0"
  resolved "https://registry.yarnpkg.com/@juggle/resize-observer/-/resize-observer-3.2.0.tgz#5e0b448d27fe3091bae6216456512c5904d05661"
  integrity sha512-fsLxt0CHx2HCV9EL8lDoVkwHffsA0snUpddYjdLyXcG5E41xaamn9ZyQqOE9TUJdrRlH8/hjIf+UdOdDeKCUgg==
